// !$*UTF8*$!
{
	archiveVersion = 1;
	classes = {
	};
	objectVersion = 50;
	objects = {

/* Begin PBXBuildFile section */
		3135E119235B8DE000E73399 /* Message.swift in Sources */ = {isa = PBXBuildFile; fileRef = 3135E116235B8DE000E73399 /* Message.swift */; };
		3135E11A235B8DE000E73399 /* User.swift in Sources */ = {isa = PBXBuildFile; fileRef = 3135E117235B8DE000E73399 /* User.swift */; };
		3135E11B235B8DE000E73399 /* enumerations.swift in Sources */ = {isa = PBXBuildFile; fileRef = 3135E118235B8DE000E73399 /* enumerations.swift */; };
		3135E11F235B8DE600E73399 /* NetworkServiceDelegate.swift in Sources */ = {isa = PBXBuildFile; fileRef = 3135E11D235B8DE600E73399 /* NetworkServiceDelegate.swift */; };
		3135E120235B8DE600E73399 /* NetworkService.swift in Sources */ = {isa = PBXBuildFile; fileRef = 3135E11E235B8DE600E73399 /* NetworkService.swift */; };
		4FE323AC235AD92A0012AF6C /* AppDelegate.swift in Sources */ = {isa = PBXBuildFile; fileRef = 4FE323AB235AD92A0012AF6C /* AppDelegate.swift */; };
		4FE323AE235AD92A0012AF6C /* SceneDelegate.swift in Sources */ = {isa = PBXBuildFile; fileRef = 4FE323AD235AD92A0012AF6C /* SceneDelegate.swift */; };
		4FE323B0235AD92A0012AF6C /* LoginScreen.swift in Sources */ = {isa = PBXBuildFile; fileRef = 4FE323AF235AD92A0012AF6C /* LoginScreen.swift */; };
		4FE323B3235AD92A0012AF6C /* Main.storyboard in Resources */ = {isa = PBXBuildFile; fileRef = 4FE323B1235AD92A0012AF6C /* Main.storyboard */; };
		4FE323B5235AD92B0012AF6C /* Assets.xcassets in Resources */ = {isa = PBXBuildFile; fileRef = 4FE323B4235AD92B0012AF6C /* Assets.xcassets */; };
		4FE323B8235AD92B0012AF6C /* LaunchScreen.storyboard in Resources */ = {isa = PBXBuildFile; fileRef = 4FE323B6235AD92B0012AF6C /* LaunchScreen.storyboard */; };
		4FE323C3235AD92B0012AF6C /* MessageInABottleTests.swift in Sources */ = {isa = PBXBuildFile; fileRef = 4FE323C2235AD92B0012AF6C /* MessageInABottleTests.swift */; };
		4FE323CE235AD92B0012AF6C /* MessageInABottleUITests.swift in Sources */ = {isa = PBXBuildFile; fileRef = 4FE323CD235AD92B0012AF6C /* MessageInABottleUITests.swift */; };
/* End PBXBuildFile section */

/* Begin PBXContainerItemProxy section */
		4FE323BF235AD92B0012AF6C /* PBXContainerItemProxy */ = {
			isa = PBXContainerItemProxy;
			containerPortal = 4FE323A0235AD92A0012AF6C /* Project object */;
			proxyType = 1;
			remoteGlobalIDString = 4FE323A7235AD92A0012AF6C;
			remoteInfo = MessageInABottle;
		};
		4FE323CA235AD92B0012AF6C /* PBXContainerItemProxy */ = {
			isa = PBXContainerItemProxy;
			containerPortal = 4FE323A0235AD92A0012AF6C /* Project object */;
			proxyType = 1;
			remoteGlobalIDString = 4FE323A7235AD92A0012AF6C;
			remoteInfo = MessageInABottle;
		};
/* End PBXContainerItemProxy section */

/* Begin PBXFileReference section */
		3135E116235B8DE000E73399 /* Message.swift */ = {isa = PBXFileReference; fileEncoding = 4; lastKnownFileType = sourcecode.swift; path = Message.swift; sourceTree = "<group>"; };
		3135E117235B8DE000E73399 /* User.swift */ = {isa = PBXFileReference; fileEncoding = 4; lastKnownFileType = sourcecode.swift; path = User.swift; sourceTree = "<group>"; };
		3135E118235B8DE000E73399 /* enumerations.swift */ = {isa = PBXFileReference; fileEncoding = 4; lastKnownFileType = sourcecode.swift; path = enumerations.swift; sourceTree = "<group>"; };
		3135E11D235B8DE600E73399 /* NetworkServiceDelegate.swift */ = {isa = PBXFileReference; fileEncoding = 4; lastKnownFileType = sourcecode.swift; path = NetworkServiceDelegate.swift; sourceTree = "<group>"; };
		3135E11E235B8DE600E73399 /* NetworkService.swift */ = {isa = PBXFileReference; fileEncoding = 4; lastKnownFileType = sourcecode.swift; path = NetworkService.swift; sourceTree = "<group>"; };
		4FE323A8235AD92A0012AF6C /* MessageInABottle.app */ = {isa = PBXFileReference; explicitFileType = wrapper.application; includeInIndex = 0; path = MessageInABottle.app; sourceTree = BUILT_PRODUCTS_DIR; };
		4FE323AB235AD92A0012AF6C /* AppDelegate.swift */ = {isa = PBXFileReference; lastKnownFileType = sourcecode.swift; path = AppDelegate.swift; sourceTree = "<group>"; };
		4FE323AD235AD92A0012AF6C /* SceneDelegate.swift */ = {isa = PBXFileReference; lastKnownFileType = sourcecode.swift; path = SceneDelegate.swift; sourceTree = "<group>"; };
		4FE323AF235AD92A0012AF6C /* LoginScreen.swift */ = {isa = PBXFileReference; lastKnownFileType = sourcecode.swift; path = LoginScreen.swift; sourceTree = "<group>"; };
		4FE323B2235AD92A0012AF6C /* Base */ = {isa = PBXFileReference; lastKnownFileType = file.storyboard; name = Base; path = Base.lproj/Main.storyboard; sourceTree = "<group>"; };
		4FE323B4235AD92B0012AF6C /* Assets.xcassets */ = {isa = PBXFileReference; lastKnownFileType = folder.assetcatalog; path = Assets.xcassets; sourceTree = "<group>"; };
		4FE323B7235AD92B0012AF6C /* Base */ = {isa = PBXFileReference; lastKnownFileType = file.storyboard; name = Base; path = Base.lproj/LaunchScreen.storyboard; sourceTree = "<group>"; };
		4FE323B9235AD92B0012AF6C /* Info.plist */ = {isa = PBXFileReference; lastKnownFileType = text.plist.xml; path = Info.plist; sourceTree = "<group>"; };
		4FE323BE235AD92B0012AF6C /* MessageInABottleTests.xctest */ = {isa = PBXFileReference; explicitFileType = wrapper.cfbundle; includeInIndex = 0; path = MessageInABottleTests.xctest; sourceTree = BUILT_PRODUCTS_DIR; };
		4FE323C2235AD92B0012AF6C /* MessageInABottleTests.swift */ = {isa = PBXFileReference; lastKnownFileType = sourcecode.swift; path = MessageInABottleTests.swift; sourceTree = "<group>"; };
		4FE323C4235AD92B0012AF6C /* Info.plist */ = {isa = PBXFileReference; lastKnownFileType = text.plist.xml; path = Info.plist; sourceTree = "<group>"; };
		4FE323C9235AD92B0012AF6C /* MessageInABottleUITests.xctest */ = {isa = PBXFileReference; explicitFileType = wrapper.cfbundle; includeInIndex = 0; path = MessageInABottleUITests.xctest; sourceTree = BUILT_PRODUCTS_DIR; };
		4FE323CD235AD92B0012AF6C /* MessageInABottleUITests.swift */ = {isa = PBXFileReference; lastKnownFileType = sourcecode.swift; path = MessageInABottleUITests.swift; sourceTree = "<group>"; };
		4FE323CF235AD92B0012AF6C /* Info.plist */ = {isa = PBXFileReference; lastKnownFileType = text.plist.xml; path = Info.plist; sourceTree = "<group>"; };
/* End PBXFileReference section */

/* Begin PBXFrameworksBuildPhase section */
		4FE323A5235AD92A0012AF6C /* Frameworks */ = {
			isa = PBXFrameworksBuildPhase;
			buildActionMask = 2147483647;
			files = (
			);
			runOnlyForDeploymentPostprocessing = 0;
		};
		4FE323BB235AD92B0012AF6C /* Frameworks */ = {
			isa = PBXFrameworksBuildPhase;
			buildActionMask = 2147483647;
			files = (
			);
			runOnlyForDeploymentPostprocessing = 0;
		};
		4FE323C6235AD92B0012AF6C /* Frameworks */ = {
			isa = PBXFrameworksBuildPhase;
			buildActionMask = 2147483647;
			files = (
			);
			runOnlyForDeploymentPostprocessing = 0;
		};
/* End PBXFrameworksBuildPhase section */

/* Begin PBXGroup section */
		3135E115235B8DE000E73399 /* Models */ = {
			isa = PBXGroup;
			children = (
				3135E116235B8DE000E73399 /* Message.swift */,
				3135E117235B8DE000E73399 /* User.swift */,
				3135E118235B8DE000E73399 /* enumerations.swift */,
			);
			path = Models;
			sourceTree = "<group>";
		};
		3135E11C235B8DE600E73399 /* Network Service */ = {
			isa = PBXGroup;
			children = (
				3135E11D235B8DE600E73399 /* NetworkServiceDelegate.swift */,
				3135E11E235B8DE600E73399 /* NetworkService.swift */,
			);
			path = "Network Service";
			sourceTree = "<group>";
		};
		4FE3239F235AD92A0012AF6C = {
			isa = PBXGroup;
			children = (
				4FE323AA235AD92A0012AF6C /* MessageInABottle */,
				4FE323C1235AD92B0012AF6C /* MessageInABottleTests */,
				4FE323CC235AD92B0012AF6C /* MessageInABottleUITests */,
				4FE323A9235AD92A0012AF6C /* Products */,
			);
			sourceTree = "<group>";
		};
		4FE323A9235AD92A0012AF6C /* Products */ = {
			isa = PBXGroup;
			children = (
				4FE323A8235AD92A0012AF6C /* MessageInABottle.app */,
				4FE323BE235AD92B0012AF6C /* MessageInABottleTests.xctest */,
				4FE323C9235AD92B0012AF6C /* MessageInABottleUITests.xctest */,
			);
			name = Products;
			sourceTree = "<group>";
		};
		4FE323AA235AD92A0012AF6C /* MessageInABottle */ = {
			isa = PBXGroup;
			children = (
				3135E115235B8DE000E73399 /* Models */,
				3135E11C235B8DE600E73399 /* Network Service */,
				4FE323AB235AD92A0012AF6C /* AppDelegate.swift */,
				4FE323AD235AD92A0012AF6C /* SceneDelegate.swift */,
				4FE323AF235AD92A0012AF6C /* LoginScreen.swift */,
				4FE323B1235AD92A0012AF6C /* Main.storyboard */,
				4FE323B4235AD92B0012AF6C /* Assets.xcassets */,
				4FE323B6235AD92B0012AF6C /* LaunchScreen.storyboard */,
				4FE323B9235AD92B0012AF6C /* Info.plist */,
			);
			path = MessageInABottle;
			sourceTree = "<group>";
		};
		4FE323C1235AD92B0012AF6C /* MessageInABottleTests */ = {
			isa = PBXGroup;
			children = (
				4FE323C2235AD92B0012AF6C /* MessageInABottleTests.swift */,
				4FE323C4235AD92B0012AF6C /* Info.plist */,
			);
			path = MessageInABottleTests;
			sourceTree = "<group>";
		};
		4FE323CC235AD92B0012AF6C /* MessageInABottleUITests */ = {
			isa = PBXGroup;
			children = (
				4FE323CD235AD92B0012AF6C /* MessageInABottleUITests.swift */,
				4FE323CF235AD92B0012AF6C /* Info.plist */,
			);
			path = MessageInABottleUITests;
			sourceTree = "<group>";
		};
/* End PBXGroup section */

/* Begin PBXNativeTarget section */
		4FE323A7235AD92A0012AF6C /* MessageInABottle */ = {
			isa = PBXNativeTarget;
			buildConfigurationList = 4FE323D2235AD92B0012AF6C /* Build configuration list for PBXNativeTarget "MessageInABottle" */;
			buildPhases = (
				4FE323A4235AD92A0012AF6C /* Sources */,
				4FE323A5235AD92A0012AF6C /* Frameworks */,
				4FE323A6235AD92A0012AF6C /* Resources */,
			);
			buildRules = (
			);
			dependencies = (
			);
			name = MessageInABottle;
			productName = MessageInABottle;
			productReference = 4FE323A8235AD92A0012AF6C /* MessageInABottle.app */;
			productType = "com.apple.product-type.application";
		};
		4FE323BD235AD92B0012AF6C /* MessageInABottleTests */ = {
			isa = PBXNativeTarget;
			buildConfigurationList = 4FE323D5235AD92B0012AF6C /* Build configuration list for PBXNativeTarget "MessageInABottleTests" */;
			buildPhases = (
				4FE323BA235AD92B0012AF6C /* Sources */,
				4FE323BB235AD92B0012AF6C /* Frameworks */,
				4FE323BC235AD92B0012AF6C /* Resources */,
			);
			buildRules = (
			);
			dependencies = (
				4FE323C0235AD92B0012AF6C /* PBXTargetDependency */,
			);
			name = MessageInABottleTests;
			productName = MessageInABottleTests;
			productReference = 4FE323BE235AD92B0012AF6C /* MessageInABottleTests.xctest */;
			productType = "com.apple.product-type.bundle.unit-test";
		};
		4FE323C8235AD92B0012AF6C /* MessageInABottleUITests */ = {
			isa = PBXNativeTarget;
			buildConfigurationList = 4FE323D8235AD92B0012AF6C /* Build configuration list for PBXNativeTarget "MessageInABottleUITests" */;
			buildPhases = (
				4FE323C5235AD92B0012AF6C /* Sources */,
				4FE323C6235AD92B0012AF6C /* Frameworks */,
				4FE323C7235AD92B0012AF6C /* Resources */,
			);
			buildRules = (
			);
			dependencies = (
				4FE323CB235AD92B0012AF6C /* PBXTargetDependency */,
			);
			name = MessageInABottleUITests;
			productName = MessageInABottleUITests;
			productReference = 4FE323C9235AD92B0012AF6C /* MessageInABottleUITests.xctest */;
			productType = "com.apple.product-type.bundle.ui-testing";
		};
/* End PBXNativeTarget section */

/* Begin PBXProject section */
		4FE323A0235AD92A0012AF6C /* Project object */ = {
			isa = PBXProject;
			attributes = {
				LastSwiftUpdateCheck = 1110;
				LastUpgradeCheck = 1110;
				ORGANIZATIONNAME = Holme;
				TargetAttributes = {
					4FE323A7235AD92A0012AF6C = {
						CreatedOnToolsVersion = 11.1;
					};
					4FE323BD235AD92B0012AF6C = {
						CreatedOnToolsVersion = 11.1;
						TestTargetID = 4FE323A7235AD92A0012AF6C;
					};
					4FE323C8235AD92B0012AF6C = {
						CreatedOnToolsVersion = 11.1;
						TestTargetID = 4FE323A7235AD92A0012AF6C;
					};
				};
			};
			buildConfigurationList = 4FE323A3235AD92A0012AF6C /* Build configuration list for PBXProject "MessageInABottle" */;
			compatibilityVersion = "Xcode 9.3";
			developmentRegion = en;
			hasScannedForEncodings = 0;
			knownRegions = (
				en,
				Base,
			);
			mainGroup = 4FE3239F235AD92A0012AF6C;
			productRefGroup = 4FE323A9235AD92A0012AF6C /* Products */;
			projectDirPath = "";
			projectRoot = "";
			targets = (
				4FE323A7235AD92A0012AF6C /* MessageInABottle */,
				4FE323BD235AD92B0012AF6C /* MessageInABottleTests */,
				4FE323C8235AD92B0012AF6C /* MessageInABottleUITests */,
			);
		};
/* End PBXProject section */

/* Begin PBXResourcesBuildPhase section */
		4FE323A6235AD92A0012AF6C /* Resources */ = {
			isa = PBXResourcesBuildPhase;
			buildActionMask = 2147483647;
			files = (
				4FE323B8235AD92B0012AF6C /* LaunchScreen.storyboard in Resources */,
				4FE323B5235AD92B0012AF6C /* Assets.xcassets in Resources */,
				4FE323B3235AD92A0012AF6C /* Main.storyboard in Resources */,
			);
			runOnlyForDeploymentPostprocessing = 0;
		};
		4FE323BC235AD92B0012AF6C /* Resources */ = {
			isa = PBXResourcesBuildPhase;
			buildActionMask = 2147483647;
			files = (
			);
			runOnlyForDeploymentPostprocessing = 0;
		};
		4FE323C7235AD92B0012AF6C /* Resources */ = {
			isa = PBXResourcesBuildPhase;
			buildActionMask = 2147483647;
			files = (
			);
			runOnlyForDeploymentPostprocessing = 0;
		};
/* End PBXResourcesBuildPhase section */

/* Begin PBXSourcesBuildPhase section */
		4FE323A4235AD92A0012AF6C /* Sources */ = {
			isa = PBXSourcesBuildPhase;
			buildActionMask = 2147483647;
			files = (
				4FE323B0235AD92A0012AF6C /* LoginScreen.swift in Sources */,
				3135E11F235B8DE600E73399 /* NetworkServiceDelegate.swift in Sources */,
				3135E120235B8DE600E73399 /* NetworkService.swift in Sources */,
				3135E119235B8DE000E73399 /* Message.swift in Sources */,
				4FE323AC235AD92A0012AF6C /* AppDelegate.swift in Sources */,
				3135E11A235B8DE000E73399 /* User.swift in Sources */,
				4FE323AE235AD92A0012AF6C /* SceneDelegate.swift in Sources */,
				3135E11B235B8DE000E73399 /* enumerations.swift in Sources */,
			);
			runOnlyForDeploymentPostprocessing = 0;
		};
		4FE323BA235AD92B0012AF6C /* Sources */ = {
			isa = PBXSourcesBuildPhase;
			buildActionMask = 2147483647;
			files = (
				4FE323C3235AD92B0012AF6C /* MessageInABottleTests.swift in Sources */,
			);
			runOnlyForDeploymentPostprocessing = 0;
		};
		4FE323C5235AD92B0012AF6C /* Sources */ = {
			isa = PBXSourcesBuildPhase;
			buildActionMask = 2147483647;
			files = (
				4FE323CE235AD92B0012AF6C /* MessageInABottleUITests.swift in Sources */,
			);
			runOnlyForDeploymentPostprocessing = 0;
		};
/* End PBXSourcesBuildPhase section */

/* Begin PBXTargetDependency section */
		4FE323C0235AD92B0012AF6C /* PBXTargetDependency */ = {
			isa = PBXTargetDependency;
			target = 4FE323A7235AD92A0012AF6C /* MessageInABottle */;
			targetProxy = 4FE323BF235AD92B0012AF6C /* PBXContainerItemProxy */;
		};
		4FE323CB235AD92B0012AF6C /* PBXTargetDependency */ = {
			isa = PBXTargetDependency;
			target = 4FE323A7235AD92A0012AF6C /* MessageInABottle */;
			targetProxy = 4FE323CA235AD92B0012AF6C /* PBXContainerItemProxy */;
		};
/* End PBXTargetDependency section */

/* Begin PBXVariantGroup section */
		4FE323B1235AD92A0012AF6C /* Main.storyboard */ = {
			isa = PBXVariantGroup;
			children = (
				4FE323B2235AD92A0012AF6C /* Base */,
			);
			name = Main.storyboard;
			sourceTree = "<group>";
		};
		4FE323B6235AD92B0012AF6C /* LaunchScreen.storyboard */ = {
			isa = PBXVariantGroup;
			children = (
				4FE323B7235AD92B0012AF6C /* Base */,
			);
			name = LaunchScreen.storyboard;
			sourceTree = "<group>";
		};
/* End PBXVariantGroup section */

/* Begin XCBuildConfiguration section */
		4FE323D0235AD92B0012AF6C /* Debug */ = {
			isa = XCBuildConfiguration;
			buildSettings = {
				ALWAYS_SEARCH_USER_PATHS = NO;
				CLANG_ANALYZER_NONNULL = YES;
				CLANG_ANALYZER_NUMBER_OBJECT_CONVERSION = YES_AGGRESSIVE;
				CLANG_CXX_LANGUAGE_STANDARD = "gnu++14";
				CLANG_CXX_LIBRARY = "libc++";
				CLANG_ENABLE_MODULES = YES;
				CLANG_ENABLE_OBJC_ARC = YES;
				CLANG_ENABLE_OBJC_WEAK = YES;
				CLANG_WARN_BLOCK_CAPTURE_AUTORELEASING = YES;
				CLANG_WARN_BOOL_CONVERSION = YES;
				CLANG_WARN_COMMA = YES;
				CLANG_WARN_CONSTANT_CONVERSION = YES;
				CLANG_WARN_DEPRECATED_OBJC_IMPLEMENTATIONS = YES;
				CLANG_WARN_DIRECT_OBJC_ISA_USAGE = YES_ERROR;
				CLANG_WARN_DOCUMENTATION_COMMENTS = YES;
				CLANG_WARN_EMPTY_BODY = YES;
				CLANG_WARN_ENUM_CONVERSION = YES;
				CLANG_WARN_INFINITE_RECURSION = YES;
				CLANG_WARN_INT_CONVERSION = YES;
				CLANG_WARN_NON_LITERAL_NULL_CONVERSION = YES;
				CLANG_WARN_OBJC_IMPLICIT_RETAIN_SELF = YES;
				CLANG_WARN_OBJC_LITERAL_CONVERSION = YES;
				CLANG_WARN_OBJC_ROOT_CLASS = YES_ERROR;
				CLANG_WARN_RANGE_LOOP_ANALYSIS = YES;
				CLANG_WARN_STRICT_PROTOTYPES = YES;
				CLANG_WARN_SUSPICIOUS_MOVE = YES;
				CLANG_WARN_UNGUARDED_AVAILABILITY = YES_AGGRESSIVE;
				CLANG_WARN_UNREACHABLE_CODE = YES;
				CLANG_WARN__DUPLICATE_METHOD_MATCH = YES;
				COPY_PHASE_STRIP = NO;
				DEBUG_INFORMATION_FORMAT = dwarf;
				ENABLE_STRICT_OBJC_MSGSEND = YES;
				ENABLE_TESTABILITY = YES;
				GCC_C_LANGUAGE_STANDARD = gnu11;
				GCC_DYNAMIC_NO_PIC = NO;
				GCC_NO_COMMON_BLOCKS = YES;
				GCC_OPTIMIZATION_LEVEL = 0;
				GCC_PREPROCESSOR_DEFINITIONS = (
					"DEBUG=1",
					"$(inherited)",
				);
				GCC_WARN_64_TO_32_BIT_CONVERSION = YES;
				GCC_WARN_ABOUT_RETURN_TYPE = YES_ERROR;
				GCC_WARN_UNDECLARED_SELECTOR = YES;
				GCC_WARN_UNINITIALIZED_AUTOS = YES_AGGRESSIVE;
				GCC_WARN_UNUSED_FUNCTION = YES;
				GCC_WARN_UNUSED_VARIABLE = YES;
				IPHONEOS_DEPLOYMENT_TARGET = 13.1;
				MTL_ENABLE_DEBUG_INFO = INCLUDE_SOURCE;
				MTL_FAST_MATH = YES;
				ONLY_ACTIVE_ARCH = YES;
				SDKROOT = iphoneos;
				SWIFT_ACTIVE_COMPILATION_CONDITIONS = DEBUG;
				SWIFT_OPTIMIZATION_LEVEL = "-Onone";
			};
			name = Debug;
		};
		4FE323D1235AD92B0012AF6C /* Release */ = {
			isa = XCBuildConfiguration;
			buildSettings = {
				ALWAYS_SEARCH_USER_PATHS = NO;
				CLANG_ANALYZER_NONNULL = YES;
				CLANG_ANALYZER_NUMBER_OBJECT_CONVERSION = YES_AGGRESSIVE;
				CLANG_CXX_LANGUAGE_STANDARD = "gnu++14";
				CLANG_CXX_LIBRARY = "libc++";
				CLANG_ENABLE_MODULES = YES;
				CLANG_ENABLE_OBJC_ARC = YES;
				CLANG_ENABLE_OBJC_WEAK = YES;
				CLANG_WARN_BLOCK_CAPTURE_AUTORELEASING = YES;
				CLANG_WARN_BOOL_CONVERSION = YES;
				CLANG_WARN_COMMA = YES;
				CLANG_WARN_CONSTANT_CONVERSION = YES;
				CLANG_WARN_DEPRECATED_OBJC_IMPLEMENTATIONS = YES;
				CLANG_WARN_DIRECT_OBJC_ISA_USAGE = YES_ERROR;
				CLANG_WARN_DOCUMENTATION_COMMENTS = YES;
				CLANG_WARN_EMPTY_BODY = YES;
				CLANG_WARN_ENUM_CONVERSION = YES;
				CLANG_WARN_INFINITE_RECURSION = YES;
				CLANG_WARN_INT_CONVERSION = YES;
				CLANG_WARN_NON_LITERAL_NULL_CONVERSION = YES;
				CLANG_WARN_OBJC_IMPLICIT_RETAIN_SELF = YES;
				CLANG_WARN_OBJC_LITERAL_CONVERSION = YES;
				CLANG_WARN_OBJC_ROOT_CLASS = YES_ERROR;
				CLANG_WARN_RANGE_LOOP_ANALYSIS = YES;
				CLANG_WARN_STRICT_PROTOTYPES = YES;
				CLANG_WARN_SUSPICIOUS_MOVE = YES;
				CLANG_WARN_UNGUARDED_AVAILABILITY = YES_AGGRESSIVE;
				CLANG_WARN_UNREACHABLE_CODE = YES;
				CLANG_WARN__DUPLICATE_METHOD_MATCH = YES;
				COPY_PHASE_STRIP = NO;
				DEBUG_INFORMATION_FORMAT = "dwarf-with-dsym";
				ENABLE_NS_ASSERTIONS = NO;
				ENABLE_STRICT_OBJC_MSGSEND = YES;
				GCC_C_LANGUAGE_STANDARD = gnu11;
				GCC_NO_COMMON_BLOCKS = YES;
				GCC_WARN_64_TO_32_BIT_CONVERSION = YES;
				GCC_WARN_ABOUT_RETURN_TYPE = YES_ERROR;
				GCC_WARN_UNDECLARED_SELECTOR = YES;
				GCC_WARN_UNINITIALIZED_AUTOS = YES_AGGRESSIVE;
				GCC_WARN_UNUSED_FUNCTION = YES;
				GCC_WARN_UNUSED_VARIABLE = YES;
				IPHONEOS_DEPLOYMENT_TARGET = 13.1;
				MTL_ENABLE_DEBUG_INFO = NO;
				MTL_FAST_MATH = YES;
				SDKROOT = iphoneos;
				SWIFT_COMPILATION_MODE = wholemodule;
				SWIFT_OPTIMIZATION_LEVEL = "-O";
				VALIDATE_PRODUCT = YES;
			};
			name = Release;
		};
		4FE323D3235AD92B0012AF6C /* Debug */ = {
			isa = XCBuildConfiguration;
			buildSettings = {
				ASSETCATALOG_COMPILER_APPICON_NAME = AppIcon;
				CODE_SIGN_STYLE = Automatic;
				DEVELOPMENT_TEAM = L7JMX2727F;
				INFOPLIST_FILE = MessageInABottle/Info.plist;
				LD_RUNPATH_SEARCH_PATHS = (
					"$(inherited)",
					"@executable_path/Frameworks",
				);
				PRODUCT_BUNDLE_IDENTIFIER = com.holme.MessageInABottle;
				PRODUCT_NAME = "$(TARGET_NAME)";
				SWIFT_VERSION = 5.0;
				TARGETED_DEVICE_FAMILY = "1,2";
			};
			name = Debug;
		};
		4FE323D4235AD92B0012AF6C /* Release */ = {
			isa = XCBuildConfiguration;
			buildSettings = {
				ASSETCATALOG_COMPILER_APPICON_NAME = AppIcon;
				CODE_SIGN_STYLE = Automatic;
				DEVELOPMENT_TEAM = L7JMX2727F;
				INFOPLIST_FILE = MessageInABottle/Info.plist;
				LD_RUNPATH_SEARCH_PATHS = (
					"$(inherited)",
					"@executable_path/Frameworks",
				);
				PRODUCT_BUNDLE_IDENTIFIER = com.holme.MessageInABottle;
				PRODUCT_NAME = "$(TARGET_NAME)";
				SWIFT_VERSION = 5.0;
				TARGETED_DEVICE_FAMILY = "1,2";
			};
			name = Release;
		};
		4FE323D6235AD92B0012AF6C /* Debug */ = {
			isa = XCBuildConfiguration;
			buildSettings = {
				ALWAYS_EMBED_SWIFT_STANDARD_LIBRARIES = YES;
				BUNDLE_LOADER = "$(TEST_HOST)";
				CODE_SIGN_STYLE = Automatic;
				DEVELOPMENT_TEAM = L7JMX2727F;
				INFOPLIST_FILE = MessageInABottleTests/Info.plist;
				IPHONEOS_DEPLOYMENT_TARGET = 13.1;
				LD_RUNPATH_SEARCH_PATHS = (
					"$(inherited)",
					"@executable_path/Frameworks",
					"@loader_path/Frameworks",
				);
				PRODUCT_BUNDLE_IDENTIFIER = com.holme.MessageInABottleTests;
				PRODUCT_NAME = "$(TARGET_NAME)";
				SWIFT_VERSION = 5.0;
				TARGETED_DEVICE_FAMILY = "1,2";
				TEST_HOST = "$(BUILT_PRODUCTS_DIR)/MessageInABottle.app/MessageInABottle";
			};
			name = Debug;
		};
		4FE323D7235AD92B0012AF6C /* Release */ = {
			isa = XCBuildConfiguration;
			buildSettings = {
				ALWAYS_EMBED_SWIFT_STANDARD_LIBRARIES = YES;
				BUNDLE_LOADER = "$(TEST_HOST)";
				CODE_SIGN_STYLE = Automatic;
				DEVELOPMENT_TEAM = L7JMX2727F;
				INFOPLIST_FILE = MessageInABottleTests/Info.plist;
				IPHONEOS_DEPLOYMENT_TARGET = 13.1;
				LD_RUNPATH_SEARCH_PATHS = (
					"$(inherited)",
					"@executable_path/Frameworks",
					"@loader_path/Frameworks",
				);
				PRODUCT_BUNDLE_IDENTIFIER = com.holme.MessageInABottleTests;
				PRODUCT_NAME = "$(TARGET_NAME)";
				SWIFT_VERSION = 5.0;
				TARGETED_DEVICE_FAMILY = "1,2";
				TEST_HOST = "$(BUILT_PRODUCTS_DIR)/MessageInABottle.app/MessageInABottle";
			};
			name = Release;
		};
		4FE323D9235AD92B0012AF6C /* Debug */ = {
			isa = XCBuildConfiguration;
			buildSettings = {
				ALWAYS_EMBED_SWIFT_STANDARD_LIBRARIES = YES;
				CODE_SIGN_STYLE = Automatic;
				DEVELOPMENT_TEAM = L7JMX2727F;
				INFOPLIST_FILE = MessageInABottleUITests/Info.plist;
				LD_RUNPATH_SEARCH_PATHS = (
					"$(inherited)",
					"@executable_path/Frameworks",
					"@loader_path/Frameworks",
				);
				PRODUCT_BUNDLE_IDENTIFIER = com.holme.MessageInABottleUITests;
				PRODUCT_NAME = "$(TARGET_NAME)";
				SWIFT_VERSION = 5.0;
				TARGETED_DEVICE_FAMILY = "1,2";
				TEST_TARGET_NAME = MessageInABottle;
			};
			name = Debug;
		};
		4FE323DA235AD92B0012AF6C /* Release */ = {
			isa = XCBuildConfiguration;
			buildSettings = {
				ALWAYS_EMBED_SWIFT_STANDARD_LIBRARIES = YES;
				CODE_SIGN_STYLE = Automatic;
				DEVELOPMENT_TEAM = L7JMX2727F;
				INFOPLIST_FILE = MessageInABottleUITests/Info.plist;
				LD_RUNPATH_SEARCH_PATHS = (
					"$(inherited)",
					"@executable_path/Frameworks",
					"@loader_path/Frameworks",
				);
				PRODUCT_BUNDLE_IDENTIFIER = com.holme.MessageInABottleUITests;
				PRODUCT_NAME = "$(TARGET_NAME)";
				SWIFT_VERSION = 5.0;
				TARGETED_DEVICE_FAMILY = "1,2";
				TEST_TARGET_NAME = MessageInABottle;
			};
			name = Release;
		};
/* End XCBuildConfiguration section */

/* Begin XCConfigurationList section */
		4FE323A3235AD92A0012AF6C /* Build configuration list for PBXProject "MessageInABottle" */ = {
			isa = XCConfigurationList;
			buildConfigurations = (
				4FE323D0235AD92B0012AF6C /* Debug */,
				4FE323D1235AD92B0012AF6C /* Release */,
			);
			defaultConfigurationIsVisible = 0;
			defaultConfigurationName = Release;
		};
		4FE323D2235AD92B0012AF6C /* Build configuration list for PBXNativeTarget "MessageInABottle" */ = {
			isa = XCConfigurationList;
			buildConfigurations = (
				4FE323D3235AD92B0012AF6C /* Debug */,
				4FE323D4235AD92B0012AF6C /* Release */,
			);
			defaultConfigurationIsVisible = 0;
			defaultConfigurationName = Release;
		};
		4FE323D5235AD92B0012AF6C /* Build configuration list for PBXNativeTarget "MessageInABottleTests" */ = {
			isa = XCConfigurationList;
			buildConfigurations = (
				4FE323D6235AD92B0012AF6C /* Debug */,
				4FE323D7235AD92B0012AF6C /* Release */,
			);
			defaultConfigurationIsVisible = 0;
			defaultConfigurationName = Release;
		};
		4FE323D8235AD92B0012AF6C /* Build configuration list for PBXNativeTarget "MessageInABottleUITests" */ = {
			isa = XCConfigurationList;
			buildConfigurations = (
				4FE323D9235AD92B0012AF6C /* Debug */,
				4FE323DA235AD92B0012AF6C /* Release */,
			);
			defaultConfigurationIsVisible = 0;
			defaultConfigurationName = Release;
		};
/* End XCConfigurationList section */
	};
	rootObject = 4FE323A0235AD92A0012AF6C /* Project object */;
}
